
Microsoft Visual Studio Solution File, Format Version 12.00
# Visual Studio Version 17
VisualStudioVersion = 17.0.32112.339
MinimumVisualStudioVersion = 10.0.40219.1
Project("{9A19103F-16F7-4668-BE54-9A1E7A4F7556}") = "VerifyDeposits", "VerifyDeposits\VerifyDeposits.csproj", "{C6E1AF51-04C8-4607-87BF-29F9A65B7EBF}"
EndProject
Project("{FAE04EC0-301F-11D3-BF4B-00C04F79EFBC}") = "VerifyDepositsUnitTest", "VerifyDepositsUnitTest\VerifyDepositsUnitTest.csproj", "{A610812E-7358-4C19-B481-1BCED528C83E}"
EndProject
Global
	GlobalSection(SolutionConfigurationPlatforms) = preSolution
		Debug|Any CPU = Debug|Any CPU
		Release|Any CPU = Release|Any CPU
	EndGlobalSection
	GlobalSection(ProjectConfigurationPlatforms) = postSolution
		{C6E1AF51-04C8-4607-87BF-29F9A65B7EBF}.Debug|Any CPU.ActiveCfg = Debug|Any CPU
		{C6E1AF51-04C8-4607-87BF-29F9A65B7EBF}.Debug|Any CPU.Build.0 = Debug|Any CPU
		{C6E1AF51-04C8-4607-87BF-29F9A65B7EBF}.Release|Any CPU.ActiveCfg = Release|Any CPU
		{C6E1AF51-04C8-4607-87BF-29F9A65B7EBF}.Release|Any CPU.Build.0 = Release|Any CPU
		{A610812E-7358-4C19-B481-1BCED528C83E}.Debug|Any CPU.ActiveCfg = Debug|Any CPU
		{A610812E-7358-4C19-B481-1BCED528C83E}.Debug|Any CPU.Build.0 = Debug|Any CPU
		{A610812E-7358-4C19-B481-1BCED528C83E}.Release|Any CPU.ActiveCfg = Release|Any CPU
		{A610812E-7358-4C19-B481-1BCED528C83E}.Release|Any CPU.Build.0 = Release|Any CPU
	EndGlobalSection
	GlobalSection(SolutionProperties) = preSolution
		HideSolutionNode = FALSE
	EndGlobalSection
	GlobalSection(ExtensibilityGlobals) = postSolution
		SolutionGuid = {F6ECA933-54B3-4137-B4ED-FA51BAA0A760}
	EndGlobalSection
EndGlobal
